[[package]]
category = "dev"
description = "Disable App Nap on OS X 10.9"
name = "appnope"
optional = false
platform = "UNKNOWN"
python-versions = "*"
version = "0.1.0"

[package.requirements]
platform = "darwin"

[[package]]
category = "dev"
description = "Specifications for callback functions passed in to an API"
name = "backcall"
optional = false
platform = "UNKNOWN"
python-versions = "*"
version = "0.1.0"

[[package]]
category = "main"
description = "Python package for providing Mozilla's CA Bundle."
name = "certifi"
optional = false
platform = "*"
python-versions = "*"
version = "2018.8.24"

[[package]]
category = "main"
description = "Universal encoding detector for Python 2 and 3"
name = "chardet"
optional = false
platform = "*"
python-versions = "*"
version = "3.0.4"

[[package]]
category = "main"
description = "Composable command line interface toolkit"
name = "click"
optional = false
platform = "*"
python-versions = ">=2.7, !=3.0.*, !=3.1.*, !=3.2.*, !=3.3.*"
version = "7.0"

[[package]]
category = "dev"
description = "Cross-platform colored terminal text."
name = "colorama"
optional = false
platform = "*"
python-versions = ">=2.7, !=3.0.*, !=3.1.*, !=3.2.*, !=3.3.*"
version = "0.4.0"

[package.requirements]
platform = "win32"

[[package]]
category = "dev"
description = "Better living through Python with decorators"
name = "decorator"
optional = false
platform = "All"
python-versions = "*"
version = "4.3.0"

[[package]]
category = "main"
description = "A Python library for the Docker Engine API."
name = "docker"
optional = false
platform = "*"
python-versions = "*"
version = "3.5.0"

[package.dependencies]
docker-pycreds = ">=0.3.0"
requests = ">=2.14.2,<2.18.0 || >2.18.0"
six = ">=1.4.0"
websocket-client = ">=0.32.0"

[package.dependencies.pypiwin32]
platform = "win32"
python = ">=3.6"
version = "223"

[[package]]
category = "main"
description = "Python bindings for the docker credentials store API"
name = "docker-pycreds"
optional = false
platform = "*"
python-versions = "*"
version = "0.3.0"

[package.dependencies]
six = ">=1.4.0"

[[package]]
category = "main"
description = "Internationalized Domain Names in Applications (IDNA)"
name = "idna"
optional = false
platform = "*"
python-versions = "*"
version = "2.7"

[[package]]
category = "dev"
description = "IPython: Productive Interactive Computing"
name = "ipython"
optional = false
platform = "Linux"
python-versions = ">=3.5"
version = "7.0.1"

[package.dependencies]
backcall = "*"
decorator = "*"
jedi = ">=0.10"
pickleshare = "*"
prompt-toolkit = ">=2.0.0,<2.1.0"
pygments = "*"
setuptools = ">=18.5"
simplegeneric = ">0.8"
traitlets = ">=4.2"

[package.dependencies.appnope]
platform = "darwin"
version = "*"

[package.dependencies.colorama]
platform = "win32"
version = "*"

[package.dependencies.pexpect]
platform = "!=win32"
version = "*"

[[package]]
category = "dev"
description = "Vestigial utilities from IPython"
name = "ipython-genutils"
optional = false
platform = "Linux"
python-versions = "*"
version = "0.2.0"

[[package]]
category = "dev"
description = "An autocompletion tool for Python that can be used for text editors."
name = "jedi"
optional = false
platform = "any"
python-versions = ">=2.7, !=3.0.*, !=3.1.*, !=3.2.*, !=3.3.*"
version = "0.13.1"

[package.dependencies]
parso = ">=0.3.0"

[[package]]
category = "dev"
description = "A Python Parser"
name = "parso"
optional = false
platform = "any"
python-versions = "*"
version = "0.3.1"

[[package]]
category = "dev"
description = "Pexpect allows easy control of interactive console applications."
name = "pexpect"
optional = false
platform = "UNIX"
python-versions = "*"
version = "4.6.0"

[package.dependencies]
ptyprocess = ">=0.5"

[package.requirements]
platform = "!=win32"

[[package]]
category = "dev"
description = "Tiny 'shelve'-like database with concurrency support"
name = "pickleshare"
optional = false
platform = "*"
python-versions = "*"
version = "0.7.5"

[[package]]
category = "dev"
description = "Library for building powerful interactive command lines in Python"
name = "prompt-toolkit"
optional = false
platform = "*"
python-versions = "*"
version = "2.0.5"

[package.dependencies]
six = ">=1.9.0"
wcwidth = "*"

[[package]]
category = "dev"
description = "Run a subprocess in a pseudo terminal"
name = "ptyprocess"
optional = false
platform = "*"
python-versions = "*"
version = "0.6.0"

[package.requirements]
platform = "!=win32"

[[package]]
category = "dev"
description = "Pygments is a syntax highlighting package written in Python."
name = "pygments"
optional = false
platform = "any"
python-versions = "*"
version = "2.2.0"

[[package]]
category = "main"
description = ""
name = "pypiwin32"
optional = false
platform = "*"
python-versions = "*"
version = "223"

[package.dependencies]
pywin32 = ">=223"

[package.requirements]
platform = "win32"
python = ">=3.6"

[[package]]
category = "main"
description = "Python for Window Extensions"
name = "pywin32"
optional = false
platform = "*"
python-versions = "*"
version = "224"

[package.requirements]
platform = "win32"
python = ">=3.6"

[[package]]
category = "main"
description = "Python HTTP for Humans."
name = "requests"
optional = false
platform = "*"
python-versions = ">=2.6, !=3.0.*, !=3.1.*, !=3.2.*, !=3.3.*"
version = "2.19.1"

[package.dependencies]
certifi = ">=2017.4.17"
chardet = ">=3.0.2,<3.1.0"
idna = ">=2.5,<2.8"
urllib3 = ">=1.21.1,<1.24"

[[package]]
category = "dev"
description = "Simple generic functions (similar to Python's own len(), pickle.dump(), etc.)"
name = "simplegeneric"
optional = false
platform = "UNKNOWN"
python-versions = "*"
version = "0.8.1"

[[package]]
category = "main"
description = "Python 2 and 3 compatibility utilities"
name = "six"
optional = false
platform = "*"
python-versions = "*"
version = "1.11.0"

[[package]]
category = "main"
description = "Python Library for Tom's Obvious, Minimal Language"
name = "toml"
optional = false
platform = "UNKNOWN"
python-versions = "*"
version = "0.9.0"

[[package]]
category = "dev"
description = "Traitlets Python config system"
name = "traitlets"
optional = false
platform = "Linux,Mac OS X,Windows"
python-versions = "*"
version = "4.3.2"

[package.dependencies]
decorator = "*"
ipython-genutils = "*"
six = "*"

[[package]]
category = "main"
description = "HTTP library with thread-safe connection pooling, file post, and more."
name = "urllib3"
optional = false
platform = "*"
python-versions = ">=2.6, !=3.0.*, !=3.1.*, !=3.2.*, !=3.3.*, <4"
version = "1.23"

[[package]]
category = "dev"
description = "Measures number of Terminal column cells of wide-character codes"
name = "wcwidth"
optional = false
platform = "UNKNOWN"
python-versions = "*"
version = "0.1.7"

[[package]]
category = "main"
description = "WebSocket client for Python. hybi13 is supported."
name = "websocket-client"
optional = false
platform = "*"
python-versions = ">=2.6, !=3.0.*, !=3.1.*, !=3.2.*, !=3.3.*"
version = "0.53.0"

[package.dependencies]
six = "*"

[metadata]
content-hash = "f88466f1df662a8a87b2845c70ce0dda699b0d0ea5ce3e6619ab7fb9904edeea"
platform = "*"
python-versions = "3.6^"

[metadata.hashes]
appnope = ["5b26757dc6f79a3b7dc9fab95359328d5747fcb2409d331ea66d0272b90ab2a0", "8b995ffe925347a2138d7ac0fe77155e4311a0ea6d6da4f5128fe4b3cbe5ed71"]
backcall = ["38ecd85be2c1e78f77fd91700c76e14667dc21e2713b63876c0eb901196e01e4", "bbbf4b1e5cd2bdb08f915895b51081c041bac22394fdfcfdfbe9f14b77c08bf2"]
certifi = ["376690d6f16d32f9d1fe8932551d80b23e9d393a8578c5633a2ed39a64861638", "456048c7e371c089d0a77a5212fb37a2c2dce1e24146e3b7e0261736aaeaa22a"]
chardet = ["84ab92ed1c4d4f16916e05906b6b75a6c0fb5db821cc65e70cbd64a3e2a5eaae", "fc323ffcaeaed0e0a02bf4d117757b98aed530d9ed4531e3e15460124c106691"]
click = ["2335065e6395b9e67ca716de5f7526736bfa6ceead690adf616d925bdc622b13", "5b94b49521f6456670fdb30cd82a4eca9412788a93fa6dd6df72c94d5a8ff2d7"]
colorama = ["a3d89af5db9e9806a779a50296b5fdb466e281147c2c235e8225ecc6dbf7bbf3", "c9b54bebe91a6a803e0772c8561d53f2926bfeb17cd141fbabcb08424086595c"]
decorator = ["2c51dff8ef3c447388fe5e4453d24a2bf128d3a4c32af3fabef1f01c6851ab82", "c39efa13fbdeb4506c476c9b3babf6a718da943dab7811c206005a4a956c080c"]
docker = ["6c4da20ef40e8d3eaf650f1488d91452b9a1128045481d7169fd34665ffa90ee", "bc693be5a84b3b9e5aaf156068c5c0a445ee5138c638c3fbc857133bf67ebe07"]
docker-pycreds = ["0a941b290764ea7286bd77f54c0ace43b86a8acd6eb9ead3de9840af52384079", "8b0e956c8d206f832b06aa93a710ba2c3bcbacb5a314449c040b0b814355bbff"]
idna = ["156a6814fb5ac1fc6850fb002e0852d56c0c8d2531923a51032d1b70760e186e", "684a38a6f903c1d71d6d5fac066b58d7768af4de2b832e426ec79c30daa94a16"]
ipython = ["47b17ea874454a5c2eacc2732b04a750d260b01ba479323155ac8a39031f5535", "9fed506c3772c875a3048bc134a25e6f5e997b1569b2636f6a5d891f34cbfd46"]
ipython-genutils = ["72dd37233799e619666c9f639a9da83c34013a73e8bbc79a7a6348d93c61fab8", "eb2e116e75ecef9d4d228fdc66af54269afa26ab4463042e33785b887c628ba8"]
jedi = ["0191c447165f798e6a730285f2eee783fff81b0d3df261945ecb80983b5c3ca7", "b7493f73a2febe0dc33d51c99b474547f7f6c0b2c8fb2b21f453eef204c12148"]
parso = ["35704a43a3c113cce4de228ddb39aab374b8004f4f2407d070b6a2ca784ce8a2", "895c63e93b94ac1e1690f5fdd40b65f07c8171e3e53cbd7793b5b96c0e0a7f24"]
pexpect = ["2a8e88259839571d1251d278476f3eec5db26deb73a70be5ed5dc5435e418aba", "3fbd41d4caf27fa4a377bfd16fef87271099463e6fa73e92a52f92dfee5d425b"]
pickleshare = ["87683d47965c1da65cdacaf31c8441d12b8044cdec9aca500cd78fc2c683afca", "9649af414d74d4df115d5d718f82acb59c9d418196b7b4290ed47a12ce62df56"]
prompt-toolkit = ["5eff0c9fd652384ecfe730bbcdf3658868725c6928fbf608d9338834d7a974b6", "81da9ecf6ca6806a549697529af8ec3ac5b739c13ac14607218e650db1b53131", "c67c1c264d8a0d9e1070e9272bacee00f76c81daab7bc4bf09ff991bd1e224a7"]
ptyprocess = ["923f299cc5ad920c68f2bc0bc98b75b9f838b93b599941a6b63ddbc2476394c0", "d7cc528d76e76342423ca640335bd3633420dc1366f258cb31d05e865ef5ca1f"]
pygments = ["78f3f434bcc5d6ee09020f92ba487f95ba50f1e3ef83ae96b9d5ffa1bab25c5d", "dbae1046def0efb574852fab9e90209b23f556367b5a320c0bcb871c77c3e8cc"]
pypiwin32 = ["67adf399debc1d5d14dffc1ab5acacb800da569754fafdc576b2a039485aa775", "71be40c1fbd28594214ecaecb58e7aa8b708eabfa0125c8a109ebd51edbd776a"]
pywin32 = ["22e218832a54ed206452c8f3ca9eff07ef327f8e597569a4c2828be5eaa09a77", "32b37abafbfeddb0fe718008d6aada5a71efa2874f068bee1f9e703983dcc49a", "35451edb44162d2f603b5b18bd427bc88fcbc74849eaa7a7e7cfe0f507e5c0c8", "4eda2e1e50faa706ff8226195b84fbcbd542b08c842a9b15e303589f85bfb41c", "5f265d72588806e134c8e1ede8561739071626ea4cc25c12d526aa7b82416ae5", "6852ceac5fdd7a146b570655c37d9eacd520ed1eaeec051ff41c6fc94243d8bf", "6dbc4219fe45ece6a0cc6baafe0105604fdee551b5e876dc475d3955b77190ec", "9bd07746ce7f2198021a9fa187fa80df7b221ec5e4c234ab6f00ea355a3baf99"]
requests = ["63b52e3c866428a224f97cab011de738c36aec0185aa91cfacd418b5d58911d1", "ec22d826a36ed72a7358ff3fe56cbd4ba69dd7a6718ffd450ff0e9df7a47ce6a"]
simplegeneric = ["dc972e06094b9af5b855b3df4a646395e43d1c9d0d39ed345b7393560d0b9173"]
six = ["70e8a77beed4562e7f14fe23a786b54f6296e34344c23bc42f07b15018ff98e9", "832dc0e10feb1aa2c68dcc57dbb658f1c7e65b9b61af69048abc87a2db00a0eb"]
toml = ["d803e90b790ca561ae08f77c7b728ca11185d646c769d09d965879c129ef0dee"]
traitlets = ["9c4bd2d267b7153df9152698efb1050a5d84982d3384a37b2c1f7723ba3e7835", "c6cb5e6f57c5a9bdaa40fa71ce7b4af30298fbab9ece9815b5d995ab6217c7d9"]
urllib3 = ["a68ac5e15e76e7e5dd2b8f94007233e01effe3e50e8daddf69acfd81cb686baf", "b5725a0bd4ba422ab0e66e89e030c806576753ea3ee08554382c14e685d117b5"]
wcwidth = ["3df37372226d6e63e1b1e1eda15c594bca98a22d33a23832a90998faa96bc65e", "f4ebe71925af7b40a864553f761ed559b43544f8f71746c2d756c7fe788ade7c"]
websocket-client = ["c42b71b68f9ef151433d6dcc6a7cb98ac72d2ad1e3a74981ca22bc5d9134f166", "f5889b1d0a994258cfcbc8f2dc3e457f6fc7b32a8d74873033d12e4eab4bdf63"]
